
Microsoft Visual Studio Solution File, Format Version 12.00
# Visual Studio 15
VisualStudioVersion = 15.0.28307.329
MinimumVisualStudioVersion = 10.0.40219.1
Project("{FAE04EC0-301F-11D3-BF4B-00C04F79EFBC}") = "cs361_finalProject", "cs361_finalProject\cs361_finalProject.csproj", "{EF8BA4FA-6F0B-404F-AC5C-9F78C1158A98}"
EndProject
Global
	GlobalSection(SolutionConfigurationPlatforms) = preSolution
		Debug|Any CPU = Debug|Any CPU
		Release|Any CPU = Release|Any CPU
	EndGlobalSection
	GlobalSection(ProjectConfigurationPlatforms) = postSolution
		{EF8BA4FA-6F0B-404F-AC5C-9F78C1158A98}.Debug|Any CPU.ActiveCfg = Debug|Any CPU
		{EF8BA4FA-6F0B-404F-AC5C-9F78C1158A98}.Debug|Any CPU.Build.0 = Debug|Any CPU
		{EF8BA4FA-6F0B-404F-AC5C-9F78C1158A98}.Release|Any CPU.ActiveCfg = Release|Any CPU
		{EF8BA4FA-6F0B-404F-AC5C-9F78C1158A98}.Release|Any CPU.Build.0 = Release|Any CPU
	EndGlobalSection
	GlobalSection(SolutionProperties) = preSolution
		HideSolutionNode = FALSE
	EndGlobalSection
	GlobalSection(ExtensibilityGlobals) = postSolution
		SolutionGuid = {7E3DA8B2-44CB-4442-B78F-EDF892B47E26}
	EndGlobalSection
EndGlobal
