
Microsoft Visual Studio Solution File, Format Version 12.00
# Visual Studio Version 16
VisualStudioVersion = 16.0.29411.108
MinimumVisualStudioVersion = 10.0.40219.1
Project("{FAE04EC0-301F-11D3-BF4B-00C04F79EFBC}") = "lab04", "lab04\lab04.csproj", "{77F33226-8D5B-40C2-A3E4-2445C0588CF2}"
EndProject
Global
	GlobalSection(SolutionConfigurationPlatforms) = preSolution
		Debug|Any CPU = Debug|Any CPU
		Release|Any CPU = Release|Any CPU
	EndGlobalSection
	GlobalSection(ProjectConfigurationPlatforms) = postSolution
		{77F33226-8D5B-40C2-A3E4-2445C0588CF2}.Debug|Any CPU.ActiveCfg = Debug|Any CPU
		{77F33226-8D5B-40C2-A3E4-2445C0588CF2}.Debug|Any CPU.Build.0 = Debug|Any CPU
		{77F33226-8D5B-40C2-A3E4-2445C0588CF2}.Release|Any CPU.ActiveCfg = Release|Any CPU
		{77F33226-8D5B-40C2-A3E4-2445C0588CF2}.Release|Any CPU.Build.0 = Release|Any CPU
	EndGlobalSection
	GlobalSection(SolutionProperties) = preSolution
		HideSolutionNode = FALSE
	EndGlobalSection
	GlobalSection(ExtensibilityGlobals) = postSolution
		SolutionGuid = {C8B79F98-3DEC-483F-825A-4F1F7138DE29}
	EndGlobalSection
EndGlobal
